{
  "version": 4,
  "terraform_version": "1.14.3",
  "serial": 45,
  "lineage": "046561dd-90e1-057a-e52c-3ae81d673508",
  "outputs": {},
  "resources": [
    {
      "module": "module.curated_bucket",
      "mode": "managed",
      "type": "aws_s3_bucket",
      "name": "this",
      "provider": "provider[\"registry.terraform.io/hashicorp/aws\"]",
      "instances": [
        {
          "schema_version": 0,
          "attributes": {
            "acceleration_status": "",
            "acl": null,
            "arn": "arn:aws:s3:::lakehouse-curated-prod-dataforge",
            "bucket": "lakehouse-curated-prod-dataforge",
            "bucket_domain_name": "lakehouse-curated-prod-dataforge.s3.amazonaws.com",
            "bucket_prefix": "",
            "bucket_region": "us-east-1",
            "bucket_regional_domain_name": "lakehouse-curated-prod-dataforge.s3.us-east-1.amazonaws.com",
            "cors_rule": [],
            "force_destroy": false,
            "grant": [
              {
                "id": "6bc6382f741861921ef91b990dcc566a9217099ff00f3d6658dc23bc8eb35da1",
                "permissions": [
                  "FULL_CONTROL"
                ],
                "type": "CanonicalUser",
                "uri": ""
              }
            ],
            "hosted_zone_id": "Z3AQBSTGFYJSTF",
            "id": "lakehouse-curated-prod-dataforge",
            "lifecycle_rule": [],
            "logging": [],
            "object_lock_configuration": [],
            "object_lock_enabled": false,
            "policy": "",
            "region": "us-east-1",
            "replication_configuration": [],
            "request_payer": "BucketOwner",
            "server_side_encryption_configuration": [
              {
                "rule": [
                  {
                    "apply_server_side_encryption_by_default": [
                      {
                        "kms_master_key_id": "arn:aws:kms:us-east-1:195343369122:key/d0d1f1d0-6437-4d83-9b92-a5a34e9c8673",
                        "sse_algorithm": "aws:kms"
                      }
                    ],
                    "bucket_key_enabled": false
                  }
                ]
              }
            ],
            "tags": {},
            "tags_all": {},
            "timeouts": null,
            "versioning": [
              {
                "enabled": true,
                "mfa_delete": false
              }
            ],
            "website": [],
            "website_domain": null,
            "website_endpoint": null
          },
          "sensitive_attributes": [],
          "identity_schema_version": 0,
          "identity": {
            "account_id": "195343369122",
            "bucket": "lakehouse-curated-prod-dataforge",
            "region": "us-east-1"
          },
          "private": "eyJlMmJmYjczMC1lY2FhLTExZTYtOGY4OC0zNDM2M2JjN2M0YzAiOnsiY3JlYXRlIjoxMjAwMDAwMDAwMDAwLCJkZWxldGUiOjM2MDAwMDAwMDAwMDAsInJlYWQiOjEyMDAwMDAwMDAwMDAsInVwZGF0ZSI6MTIwMDAwMDAwMDAwMH19"
        }
      ]
    },
    {
      "module": "module.curated_bucket",
      "mode": "managed",
      "type": "aws_s3_bucket_public_access_block",
      "name": "this",
      "provider": "provider[\"registry.terraform.io/hashicorp/aws\"]",
      "instances": [
        {
          "schema_version": 0,
          "attributes": {
            "block_public_acls": true,
            "block_public_policy": true,
            "bucket": "lakehouse-curated-prod-dataforge",
            "id": "lakehouse-curated-prod-dataforge",
            "ignore_public_acls": true,
            "region": "us-east-1",
            "restrict_public_buckets": true,
            "skip_destroy": null
          },
          "sensitive_attributes": [],
          "identity_schema_version": 0,
          "identity": {
            "account_id": "195343369122",
            "bucket": "lakehouse-curated-prod-dataforge",
            "region": "us-east-1"
          },
          "private": "bnVsbA==",
          "dependencies": [
            "module.curated_bucket.aws_s3_bucket.this"
          ]
        }
      ]
    },
    {
      "module": "module.curated_bucket",
      "mode": "managed",
      "type": "aws_s3_bucket_server_side_encryption_configuration",
      "name": "this",
      "provider": "provider[\"registry.terraform.io/hashicorp/aws\"]",
      "instances": [
        {
          "schema_version": 0,
          "attributes": {
            "bucket": "lakehouse-curated-prod-dataforge",
            "expected_bucket_owner": "",
            "id": "lakehouse-curated-prod-dataforge",
            "region": "us-east-1",
            "rule": [
              {
                "apply_server_side_encryption_by_default": [
                  {
                    "kms_master_key_id": "arn:aws:kms:us-east-1:195343369122:key/d0d1f1d0-6437-4d83-9b92-a5a34e9c8673",
                    "sse_algorithm": "aws:kms"
                  }
                ],
                "blocked_encryption_types": [],
                "bucket_key_enabled": false
              }
            ]
          },
          "sensitive_attributes": [],
          "identity_schema_version": 0,
          "identity": {
            "account_id": "195343369122",
            "bucket": "lakehouse-curated-prod-dataforge",
            "expected_bucket_owner": null,
            "region": "us-east-1"
          },
          "private": "bnVsbA==",
          "dependencies": [
            "module.curated_bucket.aws_s3_bucket.this",
            "module.kms_curated.aws_kms_key.this"
          ]
        }
      ]
    },
    {
      "module": "module.curated_bucket",
      "mode": "managed",
      "type": "aws_s3_bucket_versioning",
      "name": "this",
      "provider": "provider[\"registry.terraform.io/hashicorp/aws\"]",
      "instances": [
        {
          "schema_version": 0,
          "attributes": {
            "bucket": "lakehouse-curated-prod-dataforge",
            "expected_bucket_owner": "",
            "id": "lakehouse-curated-prod-dataforge",
            "mfa": null,
            "region": "us-east-1",
            "versioning_configuration": [
              {
                "mfa_delete": "",
                "status": "Enabled"
              }
            ]
          },
          "sensitive_attributes": [],
          "identity_schema_version": 0,
          "identity": {
            "account_id": "195343369122",
            "bucket": "lakehouse-curated-prod-dataforge",
            "expected_bucket_owner": null,
            "region": "us-east-1"
          },
          "private": "bnVsbA==",
          "dependencies": [
            "module.curated_bucket.aws_s3_bucket.this"
          ]
        }
      ]
    },
    {
      "module": "module.curated_crawler",
      "mode": "managed",
      "type": "aws_glue_crawler",
      "name": "this",
      "provider": "provider[\"registry.terraform.io/hashicorp/aws\"]",
      "instances": [
        {
          "schema_version": 0,
          "attributes": {
            "arn": "arn:aws:glue:us-east-1:195343369122:crawler/curated-zone-crawler-prod",
            "catalog_target": [],
            "classifiers": [],
            "configuration": "{\"Version\":1.0,\"CrawlerOutput\":{\"Partitions\":{\"AddOrUpdateBehavior\":\"InheritFromTable\"}}}",
            "database_name": "curated_prod",
            "delta_target": [],
            "description": "Crawler for curated zone data (prod)",
            "dynamodb_target": [],
            "hudi_target": [],
            "iceberg_target": [],
            "id": "curated-zone-crawler-prod",
            "jdbc_target": [],
            "lake_formation_configuration": [
              {
                "account_id": "",
                "use_lake_formation_credentials": false
              }
            ],
            "lineage_configuration": [
              {
                "crawler_lineage_settings": "DISABLE"
              }
            ],
            "mongodb_target": [],
            "name": "curated-zone-crawler-prod",
            "recrawl_policy": [
              {
                "recrawl_behavior": "CRAWL_EVERYTHING"
              }
            ],
            "region": "us-east-1",
            "role": "glue-lakehouse-prod",
            "s3_target": [
              {
                "connection_name": "",
                "dlq_event_queue_arn": "",
                "event_queue_arn": "",
                "exclusions": [],
                "path": "s3://lakehouse-curated-prod-dataforge/",
                "sample_size": 0
              }
            ],
            "schedule": "",
            "schema_change_policy": [
              {
                "delete_behavior": "LOG",
                "update_behavior": "UPDATE_IN_DATABASE"
              }
            ],
            "security_configuration": "",
            "table_prefix": "curated_",
            "tags": {},
            "tags_all": {}
          },
          "sensitive_attributes": [],
          "identity_schema_version": 0,
          "private": "bnVsbA==",
          "dependencies": [
            "module.curated_bucket.aws_s3_bucket.this",
            "module.glue_curated_db.aws_glue_catalog_database.this",
            "module.glue_iam.aws_iam_role.glue_role",
            "module.glue_iam.data.aws_iam_policy_document.glue_assume_role"
          ]
        }
      ]
    },
    {
      "module": "module.glue_curated_db",
      "mode": "managed",
      "type": "aws_glue_catalog_database",
      "name": "this",
      "provider": "provider[\"registry.terraform.io/hashicorp/aws\"]",
      "instances": [
        {
          "schema_version": 0,
          "attributes": {
            "arn": "arn:aws:glue:us-east-1:195343369122:database/curated_prod",
            "catalog_id": "195343369122",
            "create_table_default_permission": [
              {
                "permissions": [
                  "ALL"
                ],
                "principal": [
                  {
                    "data_lake_principal_identifier": "IAM_ALLOWED_PRINCIPALS"
                  }
                ]
              }
            ],
            "description": "Curated zone Glue catalog database (prod)",
            "federated_database": [],
            "id": "195343369122:curated_prod",
            "location_uri": "",
            "name": "curated_prod",
            "parameters": {},
            "region": "us-east-1",
            "tags": {},
            "tags_all": {},
            "target_database": []
          },
          "sensitive_attributes": [],
          "identity_schema_version": 0,
          "private": "bnVsbA=="
        }
      ]
    },
    {
      "module": "module.glue_iam",
      "mode": "data",
      "type": "aws_iam_policy_document",
      "name": "glue_assume_role",
      "provider": "provider[\"registry.terraform.io/hashicorp/aws\"]",
      "instances": [
        {
          "schema_version": 0,
          "attributes": {
            "id": "2681768870",
            "json": "{\n  \"Version\": \"2012-10-17\",\n  \"Statement\": [\n    {\n      \"Effect\": \"Allow\",\n      \"Action\": \"sts:AssumeRole\",\n      \"Principal\": {\n        \"Service\": \"glue.amazonaws.com\"\n      }\n    }\n  ]\n}",
            "minified_json": "{\"Version\":\"2012-10-17\",\"Statement\":[{\"Effect\":\"Allow\",\"Action\":\"sts:AssumeRole\",\"Principal\":{\"Service\":\"glue.amazonaws.com\"}}]}",
            "override_json": null,
            "override_policy_documents": null,
            "policy_id": null,
            "source_json": null,
            "source_policy_documents": null,
            "statement": [
              {
                "actions": [
                  "sts:AssumeRole"
                ],
                "condition": [],
                "effect": "Allow",
                "not_actions": [],
                "not_principals": [],
                "not_resources": [],
                "principals": [
                  {
                    "identifiers": [
                      "glue.amazonaws.com"
                    ],
                    "type": "Service"
                  }
                ],
                "resources": [],
                "sid": ""
              }
            ],
            "version": "2012-10-17"
          },
          "sensitive_attributes": [],
          "identity_schema_version": 0
        }
      ]
    },
    {
      "module": "module.glue_iam",
      "mode": "data",
      "type": "aws_iam_policy_document",
      "name": "glue_kms_access",
      "provider": "provider[\"registry.terraform.io/hashicorp/aws\"]",
      "instances": [
        {
          "schema_version": 0,
          "attributes": {
            "id": "1796927810",
            "json": "{\n  \"Version\": \"2012-10-17\",\n  \"Statement\": [\n    {\n      \"Effect\": \"Allow\",\n      \"Action\": [\n        \"kms:GenerateDataKey\",\n        \"kms:Encrypt\",\n        \"kms:Decrypt\"\n      ],\n      \"Resource\": [\n        \"arn:aws:kms:us-east-1:195343369122:key/d0d1f1d0-6437-4d83-9b92-a5a34e9c8673\",\n        \"arn:aws:kms:us-east-1:195343369122:key/7def8f28-4250-40c1-af0a-8e67d85680df\"\n      ]\n    }\n  ]\n}",
            "minified_json": "{\"Version\":\"2012-10-17\",\"Statement\":[{\"Effect\":\"Allow\",\"Action\":[\"kms:GenerateDataKey\",\"kms:Encrypt\",\"kms:Decrypt\"],\"Resource\":[\"arn:aws:kms:us-east-1:195343369122:key/d0d1f1d0-6437-4d83-9b92-a5a34e9c8673\",\"arn:aws:kms:us-east-1:195343369122:key/7def8f28-4250-40c1-af0a-8e67d85680df\"]}]}",
            "override_json": null,
            "override_policy_documents": null,
            "policy_id": null,
            "source_json": null,
            "source_policy_documents": null,
            "statement": [
              {
                "actions": [
                  "kms:Decrypt",
                  "kms:Encrypt",
                  "kms:GenerateDataKey"
                ],
                "condition": [],
                "effect": "Allow",
                "not_actions": [],
                "not_principals": [],
                "not_resources": [],
                "principals": [],
                "resources": [
                  "arn:aws:kms:us-east-1:195343369122:key/7def8f28-4250-40c1-af0a-8e67d85680df",
                  "arn:aws:kms:us-east-1:195343369122:key/d0d1f1d0-6437-4d83-9b92-a5a34e9c8673"
                ],
                "sid": ""
              }
            ],
            "version": "2012-10-17"
          },
          "sensitive_attributes": [],
          "identity_schema_version": 0
        }
      ]
    },
    {
      "module": "module.glue_iam",
      "mode": "data",
      "type": "aws_iam_policy_document",
      "name": "glue_s3_access",
      "provider": "provider[\"registry.terraform.io/hashicorp/aws\"]",
      "instances": [
        {
          "schema_version": 0,
          "attributes": {
            "id": "88902868",
            "json": "{\n  \"Version\": \"2012-10-17\",\n  \"Statement\": [\n    {\n      \"Effect\": \"Allow\",\n      \"Action\": [\n        \"s3:PutObject\",\n        \"s3:ListBucket\",\n        \"s3:GetObject\"\n      ],\n      \"Resource\": [\n        \"arn:aws:s3:::lakehouse-raw-prod-*/*\",\n        \"arn:aws:s3:::lakehouse-raw-prod-*\",\n        \"arn:aws:s3:::lakehouse-curated-prod-*/*\",\n        \"arn:aws:s3:::lakehouse-curated-prod-*\"\n      ]\n    }\n  ]\n}",
            "minified_json": "{\"Version\":\"2012-10-17\",\"Statement\":[{\"Effect\":\"Allow\",\"Action\":[\"s3:PutObject\",\"s3:ListBucket\",\"s3:GetObject\"],\"Resource\":[\"arn:aws:s3:::lakehouse-raw-prod-*/*\",\"arn:aws:s3:::lakehouse-raw-prod-*\",\"arn:aws:s3:::lakehouse-curated-prod-*/*\",\"arn:aws:s3:::lakehouse-curated-prod-*\"]}]}",
            "override_json": null,
            "override_policy_documents": null,
            "policy_id": null,
            "source_json": null,
            "source_policy_documents": null,
            "statement": [
              {
                "actions": [
                  "s3:GetObject",
                  "s3:ListBucket",
                  "s3:PutObject"
                ],
                "condition": [],
                "effect": "Allow",
                "not_actions": [],
                "not_principals": [],
                "not_resources": [],
                "principals": [],
                "resources": [
                  "arn:aws:s3:::lakehouse-curated-prod-*",
                  "arn:aws:s3:::lakehouse-curated-prod-*/*",
                  "arn:aws:s3:::lakehouse-raw-prod-*",
                  "arn:aws:s3:::lakehouse-raw-prod-*/*"
                ],
                "sid": ""
              }
            ],
            "version": "2012-10-17"
          },
          "sensitive_attributes": [],
          "identity_schema_version": 0
        }
      ]
    },
    {
      "module": "module.glue_iam",
      "mode": "managed",
      "type": "aws_iam_policy",
      "name": "glue_kms_policy",
      "provider": "provider[\"registry.terraform.io/hashicorp/aws\"]",
      "instances": [
        {
          "schema_version": 0,
          "attributes": {
            "arn": "arn:aws:iam::195343369122:policy/glue-lakehouse-prod-kms",
            "attachment_count": 1,
            "description": "",
            "id": "arn:aws:iam::195343369122:policy/glue-lakehouse-prod-kms",
            "name": "glue-lakehouse-prod-kms",
            "name_prefix": "",
            "path": "/",
            "policy": "{\"Statement\":[{\"Action\":[\"kms:GenerateDataKey\",\"kms:Encrypt\",\"kms:Decrypt\"],\"Effect\":\"Allow\",\"Resource\":[\"arn:aws:kms:us-east-1:195343369122:key/d0d1f1d0-6437-4d83-9b92-a5a34e9c8673\",\"arn:aws:kms:us-east-1:195343369122:key/7def8f28-4250-40c1-af0a-8e67d85680df\"]}],\"Version\":\"2012-10-17\"}",
            "policy_id": "ANPAS2627IORKVDRJS2NK",
            "tags": {},
            "tags_all": {}
          },
          "sensitive_attributes": [],
          "identity_schema_version": 0,
          "identity": {
            "arn": "arn:aws:iam::195343369122:policy/glue-lakehouse-prod-kms"
          },
          "private": "bnVsbA==",
          "dependencies": [
            "module.glue_iam.data.aws_iam_policy_document.glue_kms_access",
            "module.kms_curated.aws_kms_key.this",
            "module.kms_raw.aws_kms_key.this"
          ]
        }
      ]
    },
    {
      "module": "module.glue_iam",
      "mode": "managed",
      "type": "aws_iam_policy",
      "name": "glue_s3_policy",
      "provider": "provider[\"registry.terraform.io/hashicorp/aws\"]",
      "instances": [
        {
          "schema_version": 0,
          "attributes": {
            "arn": "arn:aws:iam::195343369122:policy/glue-lakehouse-prod-s3",
            "attachment_count": 1,
            "description": "",
            "id": "arn:aws:iam::195343369122:policy/glue-lakehouse-prod-s3",
            "name": "glue-lakehouse-prod-s3",
            "name_prefix": "",
            "path": "/",
            "policy": "{\"Statement\":[{\"Action\":[\"s3:PutObject\",\"s3:ListBucket\",\"s3:GetObject\"],\"Effect\":\"Allow\",\"Resource\":[\"arn:aws:s3:::lakehouse-raw-prod-*/*\",\"arn:aws:s3:::lakehouse-raw-prod-*\",\"arn:aws:s3:::lakehouse-curated-prod-*/*\",\"arn:aws:s3:::lakehouse-curated-prod-*\"]}],\"Version\":\"2012-10-17\"}",
            "policy_id": "ANPAS2627IORE5AZOVSSH",
            "tags": {},
            "tags_all": {}
          },
          "sensitive_attributes": [],
          "identity_schema_version": 0,
          "identity": {
            "arn": "arn:aws:iam::195343369122:policy/glue-lakehouse-prod-s3"
          },
          "private": "bnVsbA==",
          "dependencies": [
            "module.glue_iam.data.aws_iam_policy_document.glue_s3_access"
          ]
        }
      ]
    },
    {
      "module": "module.glue_iam",
      "mode": "managed",
      "type": "aws_iam_role",
      "name": "glue_role",
      "provider": "provider[\"registry.terraform.io/hashicorp/aws\"]",
      "instances": [
        {
          "schema_version": 0,
          "attributes": {
            "arn": "arn:aws:iam::195343369122:role/glue-lakehouse-prod",
            "assume_role_policy": "{\"Statement\":[{\"Action\":\"sts:AssumeRole\",\"Effect\":\"Allow\",\"Principal\":{\"Service\":\"glue.amazonaws.com\"}}],\"Version\":\"2012-10-17\"}",
            "create_date": "2025-12-17T19:13:26Z",
            "description": "",
            "force_detach_policies": false,
            "id": "glue-lakehouse-prod",
            "inline_policy": [],
            "managed_policy_arns": [
              "arn:aws:iam::195343369122:policy/glue-lakehouse-prod-kms",
              "arn:aws:iam::195343369122:policy/glue-lakehouse-prod-s3",
              "arn:aws:iam::aws:policy/service-role/AWSGlueServiceRole"
            ],
            "max_session_duration": 3600,
            "name": "glue-lakehouse-prod",
            "name_prefix": "",
            "path": "/",
            "permissions_boundary": "",
            "tags": {},
            "tags_all": {},
            "unique_id": "AROAS2627IORBKS36OLW5"
          },
          "sensitive_attributes": [],
          "identity_schema_version": 0,
          "identity": {
            "account_id": "195343369122",
            "name": "glue-lakehouse-prod"
          },
          "private": "bnVsbA==",
          "dependencies": [
            "module.glue_iam.data.aws_iam_policy_document.glue_assume_role"
          ]
        }
      ]
    },
    {
      "module": "module.glue_iam",
      "mode": "managed",
      "type": "aws_iam_role_policy_attachment",
      "name": "glue_kms_attach",
      "provider": "provider[\"registry.terraform.io/hashicorp/aws\"]",
      "instances": [
        {
          "schema_version": 0,
          "attributes": {
            "id": "glue-lakehouse-prod/arn:aws:iam::195343369122:policy/glue-lakehouse-prod-kms",
            "policy_arn": "arn:aws:iam::195343369122:policy/glue-lakehouse-prod-kms",
            "role": "glue-lakehouse-prod"
          },
          "sensitive_attributes": [],
          "identity_schema_version": 0,
          "identity": {
            "account_id": "195343369122",
            "policy_arn": "arn:aws:iam::195343369122:policy/glue-lakehouse-prod-kms",
            "role": "glue-lakehouse-prod"
          },
          "private": "bnVsbA==",
          "dependencies": [
            "module.glue_iam.aws_iam_policy.glue_kms_policy",
            "module.glue_iam.aws_iam_role.glue_role",
            "module.glue_iam.data.aws_iam_policy_document.glue_assume_role",
            "module.glue_iam.data.aws_iam_policy_document.glue_kms_access",
            "module.kms_curated.aws_kms_key.this",
            "module.kms_raw.aws_kms_key.this"
          ]
        }
      ]
    },
    {
      "module": "module.glue_iam",
      "mode": "managed",
      "type": "aws_iam_role_policy_attachment",
      "name": "glue_s3_attach",
      "provider": "provider[\"registry.terraform.io/hashicorp/aws\"]",
      "instances": [
        {
          "schema_version": 0,
          "attributes": {
            "id": "glue-lakehouse-prod/arn:aws:iam::195343369122:policy/glue-lakehouse-prod-s3",
            "policy_arn": "arn:aws:iam::195343369122:policy/glue-lakehouse-prod-s3",
            "role": "glue-lakehouse-prod"
          },
          "sensitive_attributes": [],
          "identity_schema_version": 0,
          "identity": {
            "account_id": "195343369122",
            "policy_arn": "arn:aws:iam::195343369122:policy/glue-lakehouse-prod-s3",
            "role": "glue-lakehouse-prod"
          },
          "private": "bnVsbA==",
          "dependencies": [
            "module.glue_iam.aws_iam_policy.glue_s3_policy",
            "module.glue_iam.aws_iam_role.glue_role",
            "module.glue_iam.data.aws_iam_policy_document.glue_assume_role",
            "module.glue_iam.data.aws_iam_policy_document.glue_s3_access"
          ]
        }
      ]
    },
    {
      "module": "module.glue_iam",
      "mode": "managed",
      "type": "aws_iam_role_policy_attachment",
      "name": "glue_service",
      "provider": "provider[\"registry.terraform.io/hashicorp/aws\"]",
      "instances": [
        {
          "schema_version": 0,
          "attributes": {
            "id": "glue-lakehouse-prod/arn:aws:iam::aws:policy/service-role/AWSGlueServiceRole",
            "policy_arn": "arn:aws:iam::aws:policy/service-role/AWSGlueServiceRole",
            "role": "glue-lakehouse-prod"
          },
          "sensitive_attributes": [],
          "identity_schema_version": 0,
          "identity": {
            "account_id": "195343369122",
            "policy_arn": "arn:aws:iam::aws:policy/service-role/AWSGlueServiceRole",
            "role": "glue-lakehouse-prod"
          },
          "private": "bnVsbA==",
          "dependencies": [
            "module.glue_iam.aws_iam_role.glue_role",
            "module.glue_iam.data.aws_iam_policy_document.glue_assume_role"
          ]
        }
      ]
    },
    {
      "module": "module.glue_raw_db",
      "mode": "managed",
      "type": "aws_glue_catalog_database",
      "name": "this",
      "provider": "provider[\"registry.terraform.io/hashicorp/aws\"]",
      "instances": [
        {
          "schema_version": 0,
          "attributes": {
            "arn": "arn:aws:glue:us-east-1:195343369122:database/raw_prod",
            "catalog_id": "195343369122",
            "create_table_default_permission": [
              {
                "permissions": [
                  "ALL"
                ],
                "principal": [
                  {
                    "data_lake_principal_identifier": "IAM_ALLOWED_PRINCIPALS"
                  }
                ]
              }
            ],
            "description": "Raw zone Glue catalog database (prod)",
            "federated_database": [],
            "id": "195343369122:raw_prod",
            "location_uri": "",
            "name": "raw_prod",
            "parameters": {},
            "region": "us-east-1",
            "tags": {},
            "tags_all": {},
            "target_database": []
          },
          "sensitive_attributes": [],
          "identity_schema_version": 0,
          "private": "bnVsbA=="
        }
      ]
    },
    {
      "module": "module.kms_curated",
      "mode": "managed",
      "type": "aws_kms_alias",
      "name": "this",
      "provider": "provider[\"registry.terraform.io/hashicorp/aws\"]",
      "instances": [
        {
          "schema_version": 0,
          "attributes": {
            "arn": "arn:aws:kms:us-east-1:195343369122:alias/lakehouse-curated-prod",
            "id": "alias/lakehouse-curated-prod",
            "name": "alias/lakehouse-curated-prod",
            "name_prefix": "",
            "region": "us-east-1",
            "target_key_arn": "arn:aws:kms:us-east-1:195343369122:key/d0d1f1d0-6437-4d83-9b92-a5a34e9c8673",
            "target_key_id": "d0d1f1d0-6437-4d83-9b92-a5a34e9c8673"
          },
          "sensitive_attributes": [],
          "identity_schema_version": 0,
          "identity": {
            "account_id": "195343369122",
            "name": "alias/lakehouse-curated-prod",
            "region": "us-east-1"
          },
          "private": "bnVsbA==",
          "dependencies": [
            "module.kms_curated.aws_kms_key.this"
          ]
        }
      ]
    },
    {
      "module": "module.kms_curated",
      "mode": "managed",
      "type": "aws_kms_key",
      "name": "this",
      "provider": "provider[\"registry.terraform.io/hashicorp/aws\"]",
      "instances": [
        {
          "schema_version": 0,
          "attributes": {
            "arn": "arn:aws:kms:us-east-1:195343369122:key/d0d1f1d0-6437-4d83-9b92-a5a34e9c8673",
            "bypass_policy_lockout_safety_check": false,
            "custom_key_store_id": "",
            "customer_master_key_spec": "SYMMETRIC_DEFAULT",
            "deletion_window_in_days": 30,
            "description": "Curated zone encryption key",
            "enable_key_rotation": true,
            "id": "d0d1f1d0-6437-4d83-9b92-a5a34e9c8673",
            "is_enabled": true,
            "key_id": "d0d1f1d0-6437-4d83-9b92-a5a34e9c8673",
            "key_usage": "ENCRYPT_DECRYPT",
            "multi_region": false,
            "policy": "{\"Id\":\"key-default-1\",\"Statement\":[{\"Action\":\"kms:*\",\"Effect\":\"Allow\",\"Principal\":{\"AWS\":\"arn:aws:iam::195343369122:root\"},\"Resource\":\"*\",\"Sid\":\"Enable IAM User Permissions\"}],\"Version\":\"2012-10-17\"}",
            "region": "us-east-1",
            "rotation_period_in_days": 365,
            "tags": {},
            "tags_all": {},
            "timeouts": null,
            "xks_key_id": ""
          },
          "sensitive_attributes": [],
          "identity_schema_version": 0,
          "identity": {
            "account_id": "195343369122",
            "id": "d0d1f1d0-6437-4d83-9b92-a5a34e9c8673",
            "region": "us-east-1"
          },
          "private": "eyJlMmJmYjczMC1lY2FhLTExZTYtOGY4OC0zNDM2M2JjN2M0YzAiOnsiY3JlYXRlIjoxMjAwMDAwMDAwMDB9fQ=="
        }
      ]
    },
    {
      "module": "module.kms_raw",
      "mode": "managed",
      "type": "aws_kms_alias",
      "name": "this",
      "provider": "provider[\"registry.terraform.io/hashicorp/aws\"]",
      "instances": [
        {
          "schema_version": 0,
          "attributes": {
            "arn": "arn:aws:kms:us-east-1:195343369122:alias/lakehouse-raw-prod",
            "id": "alias/lakehouse-raw-prod",
            "name": "alias/lakehouse-raw-prod",
            "name_prefix": "",
            "region": "us-east-1",
            "target_key_arn": "arn:aws:kms:us-east-1:195343369122:key/7def8f28-4250-40c1-af0a-8e67d85680df",
            "target_key_id": "7def8f28-4250-40c1-af0a-8e67d85680df"
          },
          "sensitive_attributes": [],
          "identity_schema_version": 0,
          "identity": {
            "account_id": "195343369122",
            "name": "alias/lakehouse-raw-prod",
            "region": "us-east-1"
          },
          "private": "bnVsbA==",
          "dependencies": [
            "module.kms_raw.aws_kms_key.this"
          ]
        }
      ]
    },
    {
      "module": "module.kms_raw",
      "mode": "managed",
      "type": "aws_kms_key",
      "name": "this",
      "provider": "provider[\"registry.terraform.io/hashicorp/aws\"]",
      "instances": [
        {
          "schema_version": 0,
          "attributes": {
            "arn": "arn:aws:kms:us-east-1:195343369122:key/7def8f28-4250-40c1-af0a-8e67d85680df",
            "bypass_policy_lockout_safety_check": false,
            "custom_key_store_id": "",
            "customer_master_key_spec": "SYMMETRIC_DEFAULT",
            "deletion_window_in_days": 30,
            "description": "Raw zone encryption key",
            "enable_key_rotation": true,
            "id": "7def8f28-4250-40c1-af0a-8e67d85680df",
            "is_enabled": true,
            "key_id": "7def8f28-4250-40c1-af0a-8e67d85680df",
            "key_usage": "ENCRYPT_DECRYPT",
            "multi_region": false,
            "policy": "{\"Id\":\"key-default-1\",\"Statement\":[{\"Action\":\"kms:*\",\"Effect\":\"Allow\",\"Principal\":{\"AWS\":\"arn:aws:iam::195343369122:root\"},\"Resource\":\"*\",\"Sid\":\"Enable IAM User Permissions\"}],\"Version\":\"2012-10-17\"}",
            "region": "us-east-1",
            "rotation_period_in_days": 365,
            "tags": {},
            "tags_all": {},
            "timeouts": null,
            "xks_key_id": ""
          },
          "sensitive_attributes": [],
          "identity_schema_version": 0,
          "identity": {
            "account_id": "195343369122",
            "id": "7def8f28-4250-40c1-af0a-8e67d85680df",
            "region": "us-east-1"
          },
          "private": "eyJlMmJmYjczMC1lY2FhLTExZTYtOGY4OC0zNDM2M2JjN2M0YzAiOnsiY3JlYXRlIjoxMjAwMDAwMDAwMDB9fQ=="
        }
      ]
    },
    {
      "module": "module.lf_curated_db_permissions",
      "mode": "managed",
      "type": "aws_lakeformation_permissions",
      "name": "database_permissions",
      "provider": "provider[\"registry.terraform.io/hashicorp/aws\"]",
      "instances": [
        {
          "schema_version": 0,
          "attributes": {
            "catalog_id": null,
            "catalog_resource": false,
            "data_cells_filter": [],
            "data_location": [],
            "database": [
              {
                "catalog_id": "195343369122",
                "name": "curated_prod"
              }
            ],
            "id": "2415513771",
            "lf_tag": [],
            "lf_tag_policy": [],
            "permissions": [
              "ALL"
            ],
            "permissions_with_grant_option": [],
            "principal": "arn:aws:iam::195343369122:role/glue-lakehouse-prod",
            "region": "us-east-1",
            "table": [],
            "table_with_columns": []
          },
          "sensitive_attributes": [],
          "identity_schema_version": 0,
          "private": "bnVsbA==",
          "dependencies": [
            "module.glue_curated_db.aws_glue_catalog_database.this",
            "module.glue_iam.aws_iam_role.glue_role",
            "module.glue_iam.data.aws_iam_policy_document.glue_assume_role"
          ]
        }
      ]
    },
    {
      "module": "module.lf_raw_db_permissions",
      "mode": "managed",
      "type": "aws_lakeformation_permissions",
      "name": "database_permissions",
      "provider": "provider[\"registry.terraform.io/hashicorp/aws\"]",
      "instances": [
        {
          "schema_version": 0,
          "attributes": {
            "catalog_id": null,
            "catalog_resource": false,
            "data_cells_filter": [],
            "data_location": [],
            "database": [
              {
                "catalog_id": "195343369122",
                "name": "raw_prod"
              }
            ],
            "id": "767885204",
            "lf_tag": [],
            "lf_tag_policy": [],
            "permissions": [
              "ALL"
            ],
            "permissions_with_grant_option": [],
            "principal": "arn:aws:iam::195343369122:role/glue-lakehouse-prod",
            "region": "us-east-1",
            "table": [],
            "table_with_columns": []
          },
          "sensitive_attributes": [],
          "identity_schema_version": 0,
          "private": "bnVsbA==",
          "dependencies": [
            "module.glue_iam.aws_iam_role.glue_role",
            "module.glue_iam.data.aws_iam_policy_document.glue_assume_role",
            "module.glue_raw_db.aws_glue_catalog_database.this"
          ]
        }
      ]
    },
    {
      "module": "module.raw_bucket",
      "mode": "managed",
      "type": "aws_s3_bucket",
      "name": "this",
      "provider": "provider[\"registry.terraform.io/hashicorp/aws\"]",
      "instances": [
        {
          "schema_version": 0,
          "attributes": {
            "acceleration_status": "",
            "acl": null,
            "arn": "arn:aws:s3:::lakehouse-raw-prod-dataforge",
            "bucket": "lakehouse-raw-prod-dataforge",
            "bucket_domain_name": "lakehouse-raw-prod-dataforge.s3.amazonaws.com",
            "bucket_prefix": "",
            "bucket_region": "us-east-1",
            "bucket_regional_domain_name": "lakehouse-raw-prod-dataforge.s3.us-east-1.amazonaws.com",
            "cors_rule": [],
            "force_destroy": false,
            "grant": [
              {
                "id": "6bc6382f741861921ef91b990dcc566a9217099ff00f3d6658dc23bc8eb35da1",
                "permissions": [
                  "FULL_CONTROL"
                ],
                "type": "CanonicalUser",
                "uri": ""
              }
            ],
            "hosted_zone_id": "Z3AQBSTGFYJSTF",
            "id": "lakehouse-raw-prod-dataforge",
            "lifecycle_rule": [],
            "logging": [],
            "object_lock_configuration": [],
            "object_lock_enabled": false,
            "policy": "",
            "region": "us-east-1",
            "replication_configuration": [],
            "request_payer": "BucketOwner",
            "server_side_encryption_configuration": [
              {
                "rule": [
                  {
                    "apply_server_side_encryption_by_default": [
                      {
                        "kms_master_key_id": "arn:aws:kms:us-east-1:195343369122:key/7def8f28-4250-40c1-af0a-8e67d85680df",
                        "sse_algorithm": "aws:kms"
                      }
                    ],
                    "bucket_key_enabled": false
                  }
                ]
              }
            ],
            "tags": {},
            "tags_all": {},
            "timeouts": null,
            "versioning": [
              {
                "enabled": true,
                "mfa_delete": false
              }
            ],
            "website": [],
            "website_domain": null,
            "website_endpoint": null
          },
          "sensitive_attributes": [],
          "identity_schema_version": 0,
          "identity": {
            "account_id": "195343369122",
            "bucket": "lakehouse-raw-prod-dataforge",
            "region": "us-east-1"
          },
          "private": "eyJlMmJmYjczMC1lY2FhLTExZTYtOGY4OC0zNDM2M2JjN2M0YzAiOnsiY3JlYXRlIjoxMjAwMDAwMDAwMDAwLCJkZWxldGUiOjM2MDAwMDAwMDAwMDAsInJlYWQiOjEyMDAwMDAwMDAwMDAsInVwZGF0ZSI6MTIwMDAwMDAwMDAwMH19"
        }
      ]
    },
    {
      "module": "module.raw_bucket",
      "mode": "managed",
      "type": "aws_s3_bucket_public_access_block",
      "name": "this",
      "provider": "provider[\"registry.terraform.io/hashicorp/aws\"]",
      "instances": [
        {
          "schema_version": 0,
          "attributes": {
            "block_public_acls": true,
            "block_public_policy": true,
            "bucket": "lakehouse-raw-prod-dataforge",
            "id": "lakehouse-raw-prod-dataforge",
            "ignore_public_acls": true,
            "region": "us-east-1",
            "restrict_public_buckets": true,
            "skip_destroy": null
          },
          "sensitive_attributes": [],
          "identity_schema_version": 0,
          "identity": {
            "account_id": "195343369122",
            "bucket": "lakehouse-raw-prod-dataforge",
            "region": "us-east-1"
          },
          "private": "bnVsbA==",
          "dependencies": [
            "module.raw_bucket.aws_s3_bucket.this"
          ]
        }
      ]
    },
    {
      "module": "module.raw_bucket",
      "mode": "managed",
      "type": "aws_s3_bucket_server_side_encryption_configuration",
      "name": "this",
      "provider": "provider[\"registry.terraform.io/hashicorp/aws\"]",
      "instances": [
        {
          "schema_version": 0,
          "attributes": {
            "bucket": "lakehouse-raw-prod-dataforge",
            "expected_bucket_owner": "",
            "id": "lakehouse-raw-prod-dataforge",
            "region": "us-east-1",
            "rule": [
              {
                "apply_server_side_encryption_by_default": [
                  {
                    "kms_master_key_id": "arn:aws:kms:us-east-1:195343369122:key/7def8f28-4250-40c1-af0a-8e67d85680df",
                    "sse_algorithm": "aws:kms"
                  }
                ],
                "blocked_encryption_types": [],
                "bucket_key_enabled": false
              }
            ]
          },
          "sensitive_attributes": [],
          "identity_schema_version": 0,
          "identity": {
            "account_id": "195343369122",
            "bucket": "lakehouse-raw-prod-dataforge",
            "expected_bucket_owner": null,
            "region": "us-east-1"
          },
          "private": "bnVsbA==",
          "dependencies": [
            "module.kms_raw.aws_kms_key.this",
            "module.raw_bucket.aws_s3_bucket.this"
          ]
        }
      ]
    },
    {
      "module": "module.raw_bucket",
      "mode": "managed",
      "type": "aws_s3_bucket_versioning",
      "name": "this",
      "provider": "provider[\"registry.terraform.io/hashicorp/aws\"]",
      "instances": [
        {
          "schema_version": 0,
          "attributes": {
            "bucket": "lakehouse-raw-prod-dataforge",
            "expected_bucket_owner": "",
            "id": "lakehouse-raw-prod-dataforge",
            "mfa": null,
            "region": "us-east-1",
            "versioning_configuration": [
              {
                "mfa_delete": "",
                "status": "Enabled"
              }
            ]
          },
          "sensitive_attributes": [],
          "identity_schema_version": 0,
          "identity": {
            "account_id": "195343369122",
            "bucket": "lakehouse-raw-prod-dataforge",
            "expected_bucket_owner": null,
            "region": "us-east-1"
          },
          "private": "bnVsbA==",
          "dependencies": [
            "module.raw_bucket.aws_s3_bucket.this"
          ]
        }
      ]
    },
    {
      "module": "module.raw_crawler",
      "mode": "managed",
      "type": "aws_glue_crawler",
      "name": "this",
      "provider": "provider[\"registry.terraform.io/hashicorp/aws\"]",
      "instances": [
        {
          "schema_version": 0,
          "attributes": {
            "arn": "arn:aws:glue:us-east-1:195343369122:crawler/raw-zone-crawler-prod",
            "catalog_target": [],
            "classifiers": [],
            "configuration": "{\"Version\":1.0,\"CrawlerOutput\":{\"Partitions\":{\"AddOrUpdateBehavior\":\"InheritFromTable\"}}}",
            "database_name": "raw_prod",
            "delta_target": [],
            "description": "Crawler for raw zone data (prod)",
            "dynamodb_target": [],
            "hudi_target": [],
            "iceberg_target": [],
            "id": "raw-zone-crawler-prod",
            "jdbc_target": [],
            "lake_formation_configuration": [
              {
                "account_id": "",
                "use_lake_formation_credentials": false
              }
            ],
            "lineage_configuration": [
              {
                "crawler_lineage_settings": "DISABLE"
              }
            ],
            "mongodb_target": [],
            "name": "raw-zone-crawler-prod",
            "recrawl_policy": [
              {
                "recrawl_behavior": "CRAWL_EVERYTHING"
              }
            ],
            "region": "us-east-1",
            "role": "glue-lakehouse-prod",
            "s3_target": [
              {
                "connection_name": "",
                "dlq_event_queue_arn": "",
                "event_queue_arn": "",
                "exclusions": [],
                "path": "s3://lakehouse-raw-prod-dataforge/",
                "sample_size": 0
              }
            ],
            "schedule": "",
            "schema_change_policy": [
              {
                "delete_behavior": "LOG",
                "update_behavior": "UPDATE_IN_DATABASE"
              }
            ],
            "security_configuration": "",
            "table_prefix": "raw_",
            "tags": {},
            "tags_all": {}
          },
          "sensitive_attributes": [],
          "identity_schema_version": 0,
          "private": "bnVsbA==",
          "dependencies": [
            "module.glue_iam.aws_iam_role.glue_role",
            "module.glue_iam.data.aws_iam_policy_document.glue_assume_role",
            "module.glue_raw_db.aws_glue_catalog_database.this",
            "module.raw_bucket.aws_s3_bucket.this"
          ]
        }
      ]
    },
    {
      "module": "module.raw_to_curated_job",
      "mode": "managed",
      "type": "aws_glue_job",
      "name": "this",
      "provider": "provider[\"registry.terraform.io/hashicorp/aws\"]",
      "instances": [
        {
          "schema_version": 0,
          "attributes": {
            "arn": "arn:aws:glue:us-east-1:195343369122:job/raw-to-curated-dev",
            "command": [
              {
                "name": "glueetl",
                "python_version": "3",
                "runtime": "",
                "script_location": "s3://lakehouse-raw-prod-dataforge/scripts/raw_to_curated.py"
              }
            ],
            "connections": [],
            "default_arguments": {
              "--CURATED_BUCKET": "lakehouse-curated-prod-dataforge",
              "--CURATED_PREFIX": "events",
              "--RAW_DATABASE": "raw_prod",
              "--RAW_TABLE": "raw_events",
              "--enable-continuous-cloudwatch-log": "true",
              "--enable-metrics": "true",
              "--job-language": "python"
            },
            "description": "",
            "execution_class": "",
            "execution_property": [
              {
                "max_concurrent_runs": 1
              }
            ],
            "glue_version": "4.0",
            "id": "raw-to-curated-dev",
            "job_mode": "SCRIPT",
            "job_run_queuing_enabled": false,
            "maintenance_window": "",
            "max_capacity": 2,
            "max_retries": 0,
            "name": "raw-to-curated-dev",
            "non_overridable_arguments": {},
            "notification_property": [],
            "number_of_workers": 2,
            "region": "us-east-1",
            "role_arn": "arn:aws:iam::195343369122:role/glue-lakehouse-prod",
            "security_configuration": "",
            "source_control_details": [],
            "tags": {},
            "tags_all": {},
            "timeout": 2880,
            "worker_type": "G.1X"
          },
          "sensitive_attributes": [],
          "identity_schema_version": 0,
          "private": "bnVsbA==",
          "dependencies": [
            "module.curated_bucket.aws_s3_bucket.this",
            "module.glue_iam.aws_iam_role.glue_role",
            "module.glue_iam.data.aws_iam_policy_document.glue_assume_role",
            "module.glue_raw_db.aws_glue_catalog_database.this",
            "module.raw_bucket.aws_s3_bucket.this"
          ]
        }
      ]
    }
  ],
  "check_results": null
}
